
Microsoft Visual Studio Solution File, Format Version 12.00
# Visual Studio Version 17
VisualStudioVersion = 17.2.32516.85
MinimumVisualStudioVersion = 10.0.40219.1
Project("{FAE04EC0-301F-11D3-BF4B-00C04F79EFBC}") = "MvcMusicStore", "MvcMusicStore\MvcMusicStore.csproj", "{DB8DAB8C-A9C2-492B-850E-1AC856CCBB27}"
EndProject
Global
	GlobalSection(SolutionConfigurationPlatforms) = preSolution
		Debug|Any CPU = Debug|Any CPU
		Release|Any CPU = Release|Any CPU
	EndGlobalSection
	GlobalSection(ProjectConfigurationPlatforms) = postSolution
		{DB8DAB8C-A9C2-492B-850E-1AC856CCBB27}.Debug|Any CPU.ActiveCfg = Debug|Any CPU
		{DB8DAB8C-A9C2-492B-850E-1AC856CCBB27}.Debug|Any CPU.Build.0 = Debug|Any CPU
		{DB8DAB8C-A9C2-492B-850E-1AC856CCBB27}.Release|Any CPU.ActiveCfg = Release|Any CPU
		{DB8DAB8C-A9C2-492B-850E-1AC856CCBB27}.Release|Any CPU.Build.0 = Release|Any CPU
	EndGlobalSection
	GlobalSection(SolutionProperties) = preSolution
		HideSolutionNode = FALSE
	EndGlobalSection
	GlobalSection(ExtensibilityGlobals) = postSolution
		SolutionGuid = {8AFD151B-E735-4EF4-AA8A-DDA230027AC4}
	EndGlobalSection
EndGlobal
